
Microsoft Visual Studio Solution File, Format Version 12.00
# Visual Studio 15
VisualStudioVersion = 15.0.26730.10
MinimumVisualStudioVersion = 10.0.40219.1
Project("{FAE04EC0-301F-11D3-BF4B-00C04F79EFBC}") = "RPC-Link", "RPC-Link\RPC-Link.csproj", "{E4398C6C-89D0-4A2B-975F-E17D5A0CFD22}"
EndProject
Project("{2150E333-8FDC-42A3-9474-1A3956D46DE8}") = "Solution Items", "Solution Items", "{F2E41BED-A6E3-4EBC-AA27-D19A87A7147F}"
	ProjectSection(SolutionItems) = preProject
		README.md = README.md
	EndProjectSection
EndProject
Global
	GlobalSection(SolutionConfigurationPlatforms) = preSolution
		Debug|Any CPU = Debug|Any CPU
		Release|Any CPU = Release|Any CPU
	EndGlobalSection
	GlobalSection(ProjectConfigurationPlatforms) = postSolution
		{E4398C6C-89D0-4A2B-975F-E17D5A0CFD22}.Debug|Any CPU.ActiveCfg = Debug|Any CPU
		{E4398C6C-89D0-4A2B-975F-E17D5A0CFD22}.Debug|Any CPU.Build.0 = Debug|Any CPU
		{E4398C6C-89D0-4A2B-975F-E17D5A0CFD22}.Release|Any CPU.ActiveCfg = Release|Any CPU
		{E4398C6C-89D0-4A2B-975F-E17D5A0CFD22}.Release|Any CPU.Build.0 = Release|Any CPU
	EndGlobalSection
	GlobalSection(SolutionProperties) = preSolution
		HideSolutionNode = FALSE
	EndGlobalSection
	GlobalSection(ExtensibilityGlobals) = postSolution
		SolutionGuid = {E1CF1D91-2430-42A4-B298-61DCD081F525}
	EndGlobalSection
EndGlobal
